
Microsoft Visual Studio Solution File, Format Version 12.00
# Visual Studio Version 16
VisualStudioVersion = 16.0.29324.140
MinimumVisualStudioVersion = 10.0.40219.1
Project("{FAE04EC0-301F-11D3-BF4B-00C04F79EFBC}") = "WebApiDemo", "WebApiDemo\WebApiDemo.csproj", "{D51579D0-6399-436D-BB00-B8D9091B7BBC}"
EndProject
Global
	GlobalSection(SolutionConfigurationPlatforms) = preSolution
		Debug|Any CPU = Debug|Any CPU
		Release|Any CPU = Release|Any CPU
	EndGlobalSection
	GlobalSection(ProjectConfigurationPlatforms) = postSolution
		{D51579D0-6399-436D-BB00-B8D9091B7BBC}.Debug|Any CPU.ActiveCfg = Debug|Any CPU
		{D51579D0-6399-436D-BB00-B8D9091B7BBC}.Debug|Any CPU.Build.0 = Debug|Any CPU
		{D51579D0-6399-436D-BB00-B8D9091B7BBC}.Release|Any CPU.ActiveCfg = Release|Any CPU
		{D51579D0-6399-436D-BB00-B8D9091B7BBC}.Release|Any CPU.Build.0 = Release|Any CPU
	EndGlobalSection
	GlobalSection(SolutionProperties) = preSolution
		HideSolutionNode = FALSE
	EndGlobalSection
	GlobalSection(ExtensibilityGlobals) = postSolution
		SolutionGuid = {F7ED508D-3729-4325-BDDF-79694DDEB8BB}
	EndGlobalSection
EndGlobal
